// !$*UTF8*$!
{
	archiveVersion = 1;
	classes = {
	};
	objectVersion = 46;
	objects = {

/* Begin PBXBuildFile section */
		861C323D18F4B26500519544 /* Foundation.framework in Frameworks */ = {isa = PBXBuildFile; fileRef = 861C323C18F4B26500519544 /* Foundation.framework */; };
		861C323F18F4B26500519544 /* CoreGraphics.framework in Frameworks */ = {isa = PBXBuildFile; fileRef = 861C323E18F4B26500519544 /* CoreGraphics.framework */; };
		861C324118F4B26500519544 /* UIKit.framework in Frameworks */ = {isa = PBXBuildFile; fileRef = 861C324018F4B26500519544 /* UIKit.framework */; };
		861C324718F4B26500519544 /* InfoPlist.strings in Resources */ = {isa = PBXBuildFile; fileRef = 861C324518F4B26500519544 /* InfoPlist.strings */; };
		861C324918F4B26500519544 /* main.m in Sources */ = {isa = PBXBuildFile; fileRef = 861C324818F4B26500519544 /* main.m */; };
		861C324D18F4B26500519544 /* AppDelegate.m in Sources */ = {isa = PBXBuildFile; fileRef = 861C324C18F4B26500519544 /* AppDelegate.m */; };
		861C324F18F4B26500519544 /* Images.xcassets in Resources */ = {isa = PBXBuildFile; fileRef = 861C324E18F4B26500519544 /* Images.xcassets */; };
		861C325618F4B26500519544 /* XCTest.framework in Frameworks */ = {isa = PBXBuildFile; fileRef = 861C325518F4B26500519544 /* XCTest.framework */; };
		861C325718F4B26500519544 /* Foundation.framework in Frameworks */ = {isa = PBXBuildFile; fileRef = 861C323C18F4B26500519544 /* Foundation.framework */; };
		861C325818F4B26500519544 /* UIKit.framework in Frameworks */ = {isa = PBXBuildFile; fileRef = 861C324018F4B26500519544 /* UIKit.framework */; };
		861C326018F4B26500519544 /* InfoPlist.strings in Resources */ = {isa = PBXBuildFile; fileRef = 861C325E18F4B26500519544 /* InfoPlist.strings */; };
		861C326218F4B26500519544 /* hw9_particle_sys_iosTests.m in Sources */ = {isa = PBXBuildFile; fileRef = 861C326118F4B26500519544 /* hw9_particle_sys_iosTests.m */; };
		861C327618F4B2B800519544 /* EmitterObject.m in Sources */ = {isa = PBXBuildFile; fileRef = 861C326B18F4B2B800519544 /* EmitterObject.m */; };
		861C327718F4B2B800519544 /* MainViewController.m in Sources */ = {isa = PBXBuildFile; fileRef = 861C326C18F4B2B800519544 /* MainViewController.m */; };
		861C327818F4B2B800519544 /* EmitterShader.m in Sources */ = {isa = PBXBuildFile; fileRef = 861C326E18F4B2B800519544 /* EmitterShader.m */; };
		861C327B18F4B2B800519544 /* FirstStoryboard.storyboard in Resources */ = {isa = PBXBuildFile; fileRef = 861C327218F4B2B800519544 /* FirstStoryboard.storyboard */; };
		861C327C18F4B2B800519544 /* ShaderProcessor.mm in Sources */ = {isa = PBXBuildFile; fileRef = 861C327418F4B2B800519544 /* ShaderProcessor.mm */; };
		861C327E18F4B4AB00519544 /* OpenGLES.framework in Frameworks */ = {isa = PBXBuildFile; fileRef = 861C327D18F4B4AB00519544 /* OpenGLES.framework */; };
		861C328018F4B4B300519544 /* GLKit.framework in Frameworks */ = {isa = PBXBuildFile; fileRef = 861C327F18F4B4B300519544 /* GLKit.framework */; };
		8681510318F4B55A000CDC06 /* texture_16.png in Resources */ = {isa = PBXBuildFile; fileRef = 8681510018F4B55A000CDC06 /* texture_16.png */; };
		8681510418F4B55A000CDC06 /* texture_32.png in Resources */ = {isa = PBXBuildFile; fileRef = 8681510118F4B55A000CDC06 /* texture_32.png */; };
		8681510518F4B55A000CDC06 /* texture_64.png in Resources */ = {isa = PBXBuildFile; fileRef = 8681510218F4B55A000CDC06 /* texture_64.png */; };
		8681511318F4CD63000CDC06 /* snowflake7_alpha.png in Resources */ = {isa = PBXBuildFile; fileRef = 8681510C18F4CD63000CDC06 /* snowflake7_alpha.png */; };
		8681511618F4D21B000CDC06 /* snowflake-transparent-2.png in Resources */ = {isa = PBXBuildFile; fileRef = 8681511418F4D21B000CDC06 /* snowflake-transparent-2.png */; };
		8681511718F4D21B000CDC06 /* snowflake-transparent-1.png in Resources */ = {isa = PBXBuildFile; fileRef = 8681511518F4D21B000CDC06 /* snowflake-transparent-1.png */; };
		8681511B18F4D69F000CDC06 /* snowflake-transparent-5.png in Resources */ = {isa = PBXBuildFile; fileRef = 8681511818F4D69F000CDC06 /* snowflake-transparent-5.png */; };
		8681511C18F4D69F000CDC06 /* snowflake-transparent-4.png in Resources */ = {isa = PBXBuildFile; fileRef = 8681511918F4D69F000CDC06 /* snowflake-transparent-4.png */; };
		8681511D18F4D69F000CDC06 /* pump_star_03.png in Resources */ = {isa = PBXBuildFile; fileRef = 8681511A18F4D69F000CDC06 /* pump_star_03.png */; };
		8681511F18F6073C000CDC06 /* SecondStoryboard.storyboard in Resources */ = {isa = PBXBuildFile; fileRef = 8681511E18F6073C000CDC06 /* SecondStoryboard.storyboard */; };
		8681512218F60965000CDC06 /* SnowSceneViewController.m in Sources */ = {isa = PBXBuildFile; fileRef = 8681512118F60965000CDC06 /* SnowSceneViewController.m */; };
		8681512518F60CDF000CDC06 /* SnowEmitterObject.m in Sources */ = {isa = PBXBuildFile; fileRef = 8681512418F60CDF000CDC06 /* SnowEmitterObject.m */; };
/* End PBXBuildFile section */

/* Begin PBXContainerItemProxy section */
		861C325918F4B26500519544 /* PBXContainerItemProxy */ = {
			isa = PBXContainerItemProxy;
			containerPortal = 861C323118F4B26500519544 /* Project object */;
			proxyType = 1;
			remoteGlobalIDString = 861C323818F4B26500519544;
			remoteInfo = hw9_particle_sys_ios;
		};
/* End PBXContainerItemProxy section */

/* Begin PBXFileReference section */
		861C323918F4B26500519544 /* hw9_particle_sys_ios.app */ = {isa = PBXFileReference; explicitFileType = wrapper.application; includeInIndex = 0; path = hw9_particle_sys_ios.app; sourceTree = BUILT_PRODUCTS_DIR; };
		861C323C18F4B26500519544 /* Foundation.framework */ = {isa = PBXFileReference; lastKnownFileType = wrapper.framework; name = Foundation.framework; path = System/Library/Frameworks/Foundation.framework; sourceTree = SDKROOT; };
		861C323E18F4B26500519544 /* CoreGraphics.framework */ = {isa = PBXFileReference; lastKnownFileType = wrapper.framework; name = CoreGraphics.framework; path = System/Library/Frameworks/CoreGraphics.framework; sourceTree = SDKROOT; };
		861C324018F4B26500519544 /* UIKit.framework */ = {isa = PBXFileReference; lastKnownFileType = wrapper.framework; name = UIKit.framework; path = System/Library/Frameworks/UIKit.framework; sourceTree = SDKROOT; };
		861C324418F4B26500519544 /* hw9_particle_sys_ios-Info.plist */ = {isa = PBXFileReference; lastKnownFileType = text.plist.xml; path = "hw9_particle_sys_ios-Info.plist"; sourceTree = "<group>"; };
		861C324618F4B26500519544 /* en */ = {isa = PBXFileReference; lastKnownFileType = text.plist.strings; name = en; path = en.lproj/InfoPlist.strings; sourceTree = "<group>"; };
		861C324818F4B26500519544 /* main.m */ = {isa = PBXFileReference; lastKnownFileType = sourcecode.c.objc; path = main.m; sourceTree = "<group>"; };
		861C324A18F4B26500519544 /* hw9_particle_sys_ios-Prefix.pch */ = {isa = PBXFileReference; lastKnownFileType = sourcecode.c.h; path = "hw9_particle_sys_ios-Prefix.pch"; sourceTree = "<group>"; };
		861C324B18F4B26500519544 /* AppDelegate.h */ = {isa = PBXFileReference; lastKnownFileType = sourcecode.c.h; path = AppDelegate.h; sourceTree = "<group>"; };
		861C324C18F4B26500519544 /* AppDelegate.m */ = {isa = PBXFileReference; lastKnownFileType = sourcecode.c.objc; path = AppDelegate.m; sourceTree = "<group>"; };
		861C324E18F4B26500519544 /* Images.xcassets */ = {isa = PBXFileReference; lastKnownFileType = folder.assetcatalog; path = Images.xcassets; sourceTree = "<group>"; };
		861C325418F4B26500519544 /* hw9_particle_sys_iosTests.xctest */ = {isa = PBXFileReference; explicitFileType = wrapper.cfbundle; includeInIndex = 0; path = hw9_particle_sys_iosTests.xctest; sourceTree = BUILT_PRODUCTS_DIR; };
		861C325518F4B26500519544 /* XCTest.framework */ = {isa = PBXFileReference; lastKnownFileType = wrapper.framework; name = XCTest.framework; path = Library/Frameworks/XCTest.framework; sourceTree = DEVELOPER_DIR; };
		861C325D18F4B26500519544 /* hw9_particle_sys_iosTests-Info.plist */ = {isa = PBXFileReference; lastKnownFileType = text.plist.xml; path = "hw9_particle_sys_iosTests-Info.plist"; sourceTree = "<group>"; };
		861C325F18F4B26500519544 /* en */ = {isa = PBXFileReference; lastKnownFileType = text.plist.strings; name = en; path = en.lproj/InfoPlist.strings; sourceTree = "<group>"; };
		861C326118F4B26500519544 /* hw9_particle_sys_iosTests.m */ = {isa = PBXFileReference; lastKnownFileType = sourcecode.c.objc; path = hw9_particle_sys_iosTests.m; sourceTree = "<group>"; };
		861C326B18F4B2B800519544 /* EmitterObject.m */ = {isa = PBXFileReference; fileEncoding = 4; lastKnownFileType = sourcecode.c.objc; path = EmitterObject.m; sourceTree = "<group>"; };
		861C326C18F4B2B800519544 /* MainViewController.m */ = {isa = PBXFileReference; fileEncoding = 4; lastKnownFileType = sourcecode.c.objc; path = MainViewController.m; sourceTree = "<group>"; };
		861C326D18F4B2B800519544 /* EmitterObject.h */ = {isa = PBXFileReference; fileEncoding = 4; lastKnownFileType = sourcecode.c.h; path = EmitterObject.h; sourceTree = "<group>"; };
		861C326E18F4B2B800519544 /* EmitterShader.m */ = {isa = PBXFileReference; fileEncoding = 4; lastKnownFileType = sourcecode.c.objc; path = EmitterShader.m; sourceTree = "<group>"; };
		861C326F18F4B2B800519544 /* EmitterShader.h */ = {isa = PBXFileReference; fileEncoding = 4; lastKnownFileType = sourcecode.c.h; path = EmitterShader.h; sourceTree = "<group>"; };
		861C327018F4B2B800519544 /* SparkEmitter.vsh */ = {isa = PBXFileReference; fileEncoding = 4; lastKnownFileType = sourcecode.glsl; path = SparkEmitter.vsh; sourceTree = "<group>"; };
		861C327118F4B2B800519544 /* SparkEmitter.fsh */ = {isa = PBXFileReference; fileEncoding = 4; lastKnownFileType = sourcecode.glsl; path = SparkEmitter.fsh; sourceTree = "<group>"; };
		861C327218F4B2B800519544 /* FirstStoryboard.storyboard */ = {isa = PBXFileReference; fileEncoding = 4; lastKnownFileType = file.storyboard; path = FirstStoryboard.storyboard; sourceTree = "<group>"; };
		861C327318F4B2B800519544 /* MainViewController.h */ = {isa = PBXFileReference; fileEncoding = 4; lastKnownFileType = sourcecode.c.h; path = MainViewController.h; sourceTree = "<group>"; };
		861C327418F4B2B800519544 /* ShaderProcessor.mm */ = {isa = PBXFileReference; fileEncoding = 4; lastKnownFileType = sourcecode.cpp.objcpp; path = ShaderProcessor.mm; sourceTree = "<group>"; };
		861C327518F4B2B800519544 /* ShaderProcessor.h */ = {isa = PBXFileReference; fileEncoding = 4; lastKnownFileType = sourcecode.c.h; path = ShaderProcessor.h; sourceTree = "<group>"; };
		861C327D18F4B4AB00519544 /* OpenGLES.framework */ = {isa = PBXFileReference; lastKnownFileType = wrapper.framework; name = OpenGLES.framework; path = System/Library/Frameworks/OpenGLES.framework; sourceTree = SDKROOT; };
		861C327F18F4B4B300519544 /* GLKit.framework */ = {isa = PBXFileReference; lastKnownFileType = wrapper.framework; name = GLKit.framework; path = System/Library/Frameworks/GLKit.framework; sourceTree = SDKROOT; };
		8681510018F4B55A000CDC06 /* texture_16.png */ = {isa = PBXFileReference; lastKnownFileType = image.png; path = texture_16.png; sourceTree = "<group>"; };
		8681510118F4B55A000CDC06 /* texture_32.png */ = {isa = PBXFileReference; lastKnownFileType = image.png; path = texture_32.png; sourceTree = "<group>"; };
		8681510218F4B55A000CDC06 /* texture_64.png */ = {isa = PBXFileReference; lastKnownFileType = image.png; path = texture_64.png; sourceTree = "<group>"; };
		8681510C18F4CD63000CDC06 /* snowflake7_alpha.png */ = {isa = PBXFileReference; lastKnownFileType = image.png; path = snowflake7_alpha.png; sourceTree = "<group>"; };
		8681511418F4D21B000CDC06 /* snowflake-transparent-2.png */ = {isa = PBXFileReference; lastKnownFileType = image.png; path = "snowflake-transparent-2.png"; sourceTree = "<group>"; };
		8681511518F4D21B000CDC06 /* snowflake-transparent-1.png */ = {isa = PBXFileReference; lastKnownFileType = image.png; path = "snowflake-transparent-1.png"; sourceTree = "<group>"; };
		8681511818F4D69F000CDC06 /* snowflake-transparent-5.png */ = {isa = PBXFileReference; lastKnownFileType = image.png; path = "snowflake-transparent-5.png"; sourceTree = "<group>"; };
		8681511918F4D69F000CDC06 /* snowflake-transparent-4.png */ = {isa = PBXFileReference; lastKnownFileType = image.png; path = "snowflake-transparent-4.png"; sourceTree = "<group>"; };
		8681511A18F4D69F000CDC06 /* pump_star_03.png */ = {isa = PBXFileReference; lastKnownFileType = image.png; path = pump_star_03.png; sourceTree = "<group>"; };
		8681511E18F6073C000CDC06 /* SecondStoryboard.storyboard */ = {isa = PBXFileReference; fileEncoding = 4; lastKnownFileType = file.storyboard; name = SecondStoryboard.storyboard; path = ../SecondStoryboard.storyboard; sourceTree = "<group>"; };
		8681512018F60965000CDC06 /* SnowSceneViewController.h */ = {isa = PBXFileReference; fileEncoding = 4; lastKnownFileType = sourcecode.c.h; path = SnowSceneViewController.h; sourceTree = "<group>"; };
		8681512118F60965000CDC06 /* SnowSceneViewController.m */ = {isa = PBXFileReference; fileEncoding = 4; lastKnownFileType = sourcecode.c.objc; path = SnowSceneViewController.m; sourceTree = "<group>"; };
		8681512318F60CDF000CDC06 /* SnowEmitterObject.h */ = {isa = PBXFileReference; fileEncoding = 4; lastKnownFileType = sourcecode.c.h; path = SnowEmitterObject.h; sourceTree = "<group>"; };
		8681512418F60CDF000CDC06 /* SnowEmitterObject.m */ = {isa = PBXFileReference; fileEncoding = 4; lastKnownFileType = sourcecode.c.objc; path = SnowEmitterObject.m; sourceTree = "<group>"; };
/* End PBXFileReference section */

/* Begin PBXFrameworksBuildPhase section */
		861C323618F4B26500519544 /* Frameworks */ = {
			isa = PBXFrameworksBuildPhase;
			buildActionMask = 2147483647;
			files = (
				861C328018F4B4B300519544 /* GLKit.framework in Frameworks */,
				861C327E18F4B4AB00519544 /* OpenGLES.framework in Frameworks */,
				861C323F18F4B26500519544 /* CoreGraphics.framework in Frameworks */,
				861C324118F4B26500519544 /* UIKit.framework in Frameworks */,
				861C323D18F4B26500519544 /* Foundation.framework in Frameworks */,
			);
			runOnlyForDeploymentPostprocessing = 0;
		};
		861C325118F4B26500519544 /* Frameworks */ = {
			isa = PBXFrameworksBuildPhase;
			buildActionMask = 2147483647;
			files = (
				861C325618F4B26500519544 /* XCTest.framework in Frameworks */,
				861C325818F4B26500519544 /* UIKit.framework in Frameworks */,
				861C325718F4B26500519544 /* Foundation.framework in Frameworks */,
			);
			runOnlyForDeploymentPostprocessing = 0;
		};
/* End PBXFrameworksBuildPhase section */

/* Begin PBXGroup section */
		861C323018F4B26500519544 = {
			isa = PBXGroup;
			children = (
				861C324218F4B26500519544 /* hw9_particle_sys_ios */,
				861C325B18F4B26500519544 /* hw9_particle_sys_iosTests */,
				861C323B18F4B26500519544 /* Frameworks */,
				861C323A18F4B26500519544 /* Products */,
			);
			sourceTree = "<group>";
		};
		861C323A18F4B26500519544 /* Products */ = {
			isa = PBXGroup;
			children = (
				861C323918F4B26500519544 /* hw9_particle_sys_ios.app */,
				861C325418F4B26500519544 /* hw9_particle_sys_iosTests.xctest */,
			);
			name = Products;
			sourceTree = "<group>";
		};
		861C323B18F4B26500519544 /* Frameworks */ = {
			isa = PBXGroup;
			children = (
				861C327F18F4B4B300519544 /* GLKit.framework */,
				861C327D18F4B4AB00519544 /* OpenGLES.framework */,
				861C323C18F4B26500519544 /* Foundation.framework */,
				861C323E18F4B26500519544 /* CoreGraphics.framework */,
				861C324018F4B26500519544 /* UIKit.framework */,
				861C325518F4B26500519544 /* XCTest.framework */,
			);
			name = Frameworks;
			sourceTree = "<group>";
		};
		861C324218F4B26500519544 /* hw9_particle_sys_ios */ = {
			isa = PBXGroup;
			children = (
				8681511E18F6073C000CDC06 /* SecondStoryboard.storyboard */,
				8681512018F60965000CDC06 /* SnowSceneViewController.h */,
				8681512118F60965000CDC06 /* SnowSceneViewController.m */,
				861C326B18F4B2B800519544 /* EmitterObject.m */,
				8681512318F60CDF000CDC06 /* SnowEmitterObject.h */,
				8681512418F60CDF000CDC06 /* SnowEmitterObject.m */,
				861C326C18F4B2B800519544 /* MainViewController.m */,
				861C326D18F4B2B800519544 /* EmitterObject.h */,
				861C326E18F4B2B800519544 /* EmitterShader.m */,
				861C326F18F4B2B800519544 /* EmitterShader.h */,
				861C327018F4B2B800519544 /* SparkEmitter.vsh */,
				861C327118F4B2B800519544 /* SparkEmitter.fsh */,
				861C327218F4B2B800519544 /* FirstStoryboard.storyboard */,
				861C327318F4B2B800519544 /* MainViewController.h */,
				861C327418F4B2B800519544 /* ShaderProcessor.mm */,
				861C327518F4B2B800519544 /* ShaderProcessor.h */,
				861C324B18F4B26500519544 /* AppDelegate.h */,
				861C324C18F4B26500519544 /* AppDelegate.m */,
				868150FF18F4B55A000CDC06 /* Textures */,
				861C324E18F4B26500519544 /* Images.xcassets */,
				861C324318F4B26500519544 /* Supporting Files */,
			);
			path = hw9_particle_sys_ios;
			sourceTree = "<group>";
		};
		861C324318F4B26500519544 /* Supporting Files */ = {
			isa = PBXGroup;
			children = (
				861C324418F4B26500519544 /* hw9_particle_sys_ios-Info.plist */,
				861C324518F4B26500519544 /* InfoPlist.strings */,
				861C324818F4B26500519544 /* main.m */,
				861C324A18F4B26500519544 /* hw9_particle_sys_ios-Prefix.pch */,
			);
			name = "Supporting Files";
			sourceTree = "<group>";
		};
		861C325B18F4B26500519544 /* hw9_particle_sys_iosTests */ = {
			isa = PBXGroup;
			children = (
				861C326118F4B26500519544 /* hw9_particle_sys_iosTests.m */,
				861C325C18F4B26500519544 /* Supporting Files */,
			);
			path = hw9_particle_sys_iosTests;
			sourceTree = "<group>";
		};
		861C325C18F4B26500519544 /* Supporting Files */ = {
			isa = PBXGroup;
			children = (
				861C325D18F4B26500519544 /* hw9_particle_sys_iosTests-Info.plist */,
				861C325E18F4B26500519544 /* InfoPlist.strings */,
			);
			name = "Supporting Files";
			sourceTree = "<group>";
		};
		868150FF18F4B55A000CDC06 /* Textures */ = {
			isa = PBXGroup;
			children = (
				8681511818F4D69F000CDC06 /* snowflake-transparent-5.png */,
				8681511918F4D69F000CDC06 /* snowflake-transparent-4.png */,
				8681511A18F4D69F000CDC06 /* pump_star_03.png */,
				8681511418F4D21B000CDC06 /* snowflake-transparent-2.png */,
				8681511518F4D21B000CDC06 /* snowflake-transparent-1.png */,
				8681510C18F4CD63000CDC06 /* snowflake7_alpha.png */,
				8681510018F4B55A000CDC06 /* texture_16.png */,
				8681510118F4B55A000CDC06 /* texture_32.png */,
				8681510218F4B55A000CDC06 /* texture_64.png */,
			);
			path = Textures;
			sourceTree = "<group>";
		};
/* End PBXGroup section */

/* Begin PBXNativeTarget section */
		861C323818F4B26500519544 /* hw9_particle_sys_ios */ = {
			isa = PBXNativeTarget;
			buildConfigurationList = 861C326518F4B26500519544 /* Build configuration list for PBXNativeTarget "hw9_particle_sys_ios" */;
			buildPhases = (
				861C323518F4B26500519544 /* Sources */,
				861C323618F4B26500519544 /* Frameworks */,
				861C323718F4B26500519544 /* Resources */,
			);
			buildRules = (
			);
			dependencies = (
			);
			name = hw9_particle_sys_ios;
			productName = hw9_particle_sys_ios;
			productReference = 861C323918F4B26500519544 /* hw9_particle_sys_ios.app */;
			productType = "com.apple.product-type.application";
		};
		861C325318F4B26500519544 /* hw9_particle_sys_iosTests */ = {
			isa = PBXNativeTarget;
			buildConfigurationList = 861C326818F4B26500519544 /* Build configuration list for PBXNativeTarget "hw9_particle_sys_iosTests" */;
			buildPhases = (
				861C325018F4B26500519544 /* Sources */,
				861C325118F4B26500519544 /* Frameworks */,
				861C325218F4B26500519544 /* Resources */,
			);
			buildRules = (
			);
			dependencies = (
				861C325A18F4B26500519544 /* PBXTargetDependency */,
			);
			name = hw9_particle_sys_iosTests;
			productName = hw9_particle_sys_iosTests;
			productReference = 861C325418F4B26500519544 /* hw9_particle_sys_iosTests.xctest */;
			productType = "com.apple.product-type.bundle.unit-test";
		};
/* End PBXNativeTarget section */

/* Begin PBXProject section */
		861C323118F4B26500519544 /* Project object */ = {
			isa = PBXProject;
			attributes = {
				LastUpgradeCheck = 0510;
				ORGANIZATIONNAME = "Winnie Zeng";
				TargetAttributes = {
					861C325318F4B26500519544 = {
						TestTargetID = 861C323818F4B26500519544;
					};
				};
			};
			buildConfigurationList = 861C323418F4B26500519544 /* Build configuration list for PBXProject "hw9_particle_sys_ios" */;
			compatibilityVersion = "Xcode 3.2";
			developmentRegion = English;
			hasScannedForEncodings = 0;
			knownRegions = (
				en,
			);
			mainGroup = 861C323018F4B26500519544;
			productRefGroup = 861C323A18F4B26500519544 /* Products */;
			projectDirPath = "";
			projectRoot = "";
			targets = (
				861C323818F4B26500519544 /* hw9_particle_sys_ios */,
				861C325318F4B26500519544 /* hw9_particle_sys_iosTests */,
			);
		};
/* End PBXProject section */

/* Begin PBXResourcesBuildPhase section */
		861C323718F4B26500519544 /* Resources */ = {
			isa = PBXResourcesBuildPhase;
			buildActionMask = 2147483647;
			files = (
				8681511618F4D21B000CDC06 /* snowflake-transparent-2.png in Resources */,
				8681510318F4B55A000CDC06 /* texture_16.png in Resources */,
				8681511318F4CD63000CDC06 /* snowflake7_alpha.png in Resources */,
				8681510518F4B55A000CDC06 /* texture_64.png in Resources */,
				8681510418F4B55A000CDC06 /* texture_32.png in Resources */,
				8681511B18F4D69F000CDC06 /* snowflake-transparent-5.png in Resources */,
				8681511F18F6073C000CDC06 /* SecondStoryboard.storyboard in Resources */,
				8681511D18F4D69F000CDC06 /* pump_star_03.png in Resources */,
				8681511C18F4D69F000CDC06 /* snowflake-transparent-4.png in Resources */,
				861C327B18F4B2B800519544 /* FirstStoryboard.storyboard in Resources */,
				8681511718F4D21B000CDC06 /* snowflake-transparent-1.png in Resources */,
				861C324718F4B26500519544 /* InfoPlist.strings in Resources */,
				861C324F18F4B26500519544 /* Images.xcassets in Resources */,
			);
			runOnlyForDeploymentPostprocessing = 0;
		};
		861C325218F4B26500519544 /* Resources */ = {
			isa = PBXResourcesBuildPhase;
			buildActionMask = 2147483647;
			files = (
				861C326018F4B26500519544 /* InfoPlist.strings in Resources */,
			);
			runOnlyForDeploymentPostprocessing = 0;
		};
/* End PBXResourcesBuildPhase section */

/* Begin PBXSourcesBuildPhase section */
		861C323518F4B26500519544 /* Sources */ = {
			isa = PBXSourcesBuildPhase;
			buildActionMask = 2147483647;
			files = (
				861C324D18F4B26500519544 /* AppDelegate.m in Sources */,
				861C324918F4B26500519544 /* main.m in Sources */,
				861C327618F4B2B800519544 /* EmitterObject.m in Sources */,
				861C327818F4B2B800519544 /* EmitterShader.m in Sources */,
				861C327718F4B2B800519544 /* MainViewController.m in Sources */,
				861C327C18F4B2B800519544 /* ShaderProcessor.mm in Sources */,
				8681512518F60CDF000CDC06 /* SnowEmitterObject.m in Sources */,
				8681512218F60965000CDC06 /* SnowSceneViewController.m in Sources */,
			);
			runOnlyForDeploymentPostprocessing = 0;
		};
		861C325018F4B26500519544 /* Sources */ = {
			isa = PBXSourcesBuildPhase;
			buildActionMask = 2147483647;
			files = (
				861C326218F4B26500519544 /* hw9_particle_sys_iosTests.m in Sources */,
			);
			runOnlyForDeploymentPostprocessing = 0;
		};
/* End PBXSourcesBuildPhase section */

/* Begin PBXTargetDependency section */
		861C325A18F4B26500519544 /* PBXTargetDependency */ = {
			isa = PBXTargetDependency;
			target = 861C323818F4B26500519544 /* hw9_particle_sys_ios */;
			targetProxy = 861C325918F4B26500519544 /* PBXContainerItemProxy */;
		};
/* End PBXTargetDependency section */

/* Begin PBXVariantGroup section */
		861C324518F4B26500519544 /* InfoPlist.strings */ = {
			isa = PBXVariantGroup;
			children = (
				861C324618F4B26500519544 /* en */,
			);
			name = InfoPlist.strings;
			sourceTree = "<group>";
		};
		861C325E18F4B26500519544 /* InfoPlist.strings */ = {
			isa = PBXVariantGroup;
			children = (
				861C325F18F4B26500519544 /* en */,
			);
			name = InfoPlist.strings;
			sourceTree = "<group>";
		};
/* End PBXVariantGroup section */

/* Begin XCBuildConfiguration section */
		861C326318F4B26500519544 /* Debug */ = {
			isa = XCBuildConfiguration;
			buildSettings = {
				ALWAYS_SEARCH_USER_PATHS = NO;
				CLANG_CXX_LANGUAGE_STANDARD = "gnu++0x";
				CLANG_CXX_LIBRARY = "libc++";
				CLANG_ENABLE_MODULES = YES;
				CLANG_ENABLE_OBJC_ARC = YES;
				CLANG_WARN_BOOL_CONVERSION = YES;
				CLANG_WARN_CONSTANT_CONVERSION = YES;
				CLANG_WARN_DIRECT_OBJC_ISA_USAGE = YES_ERROR;
				CLANG_WARN_EMPTY_BODY = YES;
				CLANG_WARN_ENUM_CONVERSION = YES;
				CLANG_WARN_INT_CONVERSION = YES;
				CLANG_WARN_OBJC_ROOT_CLASS = YES_ERROR;
				CLANG_WARN__DUPLICATE_METHOD_MATCH = YES;
				"CODE_SIGN_IDENTITY[sdk=iphoneos*]" = "iPhone Developer";
				COPY_PHASE_STRIP = NO;
				GCC_C_LANGUAGE_STANDARD = gnu99;
				GCC_DYNAMIC_NO_PIC = NO;
				GCC_OPTIMIZATION_LEVEL = 0;
				GCC_PREPROCESSOR_DEFINITIONS = (
					"DEBUG=1",
					"$(inherited)",
				);
				GCC_SYMBOLS_PRIVATE_EXTERN = NO;
				GCC_WARN_64_TO_32_BIT_CONVERSION = YES;
				GCC_WARN_ABOUT_RETURN_TYPE = YES_ERROR;
				GCC_WARN_UNDECLARED_SELECTOR = YES;
				GCC_WARN_UNINITIALIZED_AUTOS = YES_AGGRESSIVE;
				GCC_WARN_UNUSED_FUNCTION = YES;
				GCC_WARN_UNUSED_VARIABLE = YES;
				IPHONEOS_DEPLOYMENT_TARGET = 7.1;
				ONLY_ACTIVE_ARCH = YES;
				SDKROOT = iphoneos;
			};
			name = Debug;
		};
		861C326418F4B26500519544 /* Release */ = {
			isa = XCBuildConfiguration;
			buildSettings = {
				ALWAYS_SEARCH_USER_PATHS = NO;
				CLANG_CXX_LANGUAGE_STANDARD = "gnu++0x";
				CLANG_CXX_LIBRARY = "libc++";
				CLANG_ENABLE_MODULES = YES;
				CLANG_ENABLE_OBJC_ARC = YES;
				CLANG_WARN_BOOL_CONVERSION = YES;
				CLANG_WARN_CONSTANT_CONVERSION = YES;
				CLANG_WARN_DIRECT_OBJC_ISA_USAGE = YES_ERROR;
				CLANG_WARN_EMPTY_BODY = YES;
				CLANG_WARN_ENUM_CONVERSION = YES;
				CLANG_WARN_INT_CONVERSION = YES;
				CLANG_WARN_OBJC_ROOT_CLASS = YES_ERROR;
				CLANG_WARN__DUPLICATE_METHOD_MATCH = YES;
				"CODE_SIGN_IDENTITY[sdk=iphoneos*]" = "iPhone Developer";
				COPY_PHASE_STRIP = YES;
				ENABLE_NS_ASSERTIONS = NO;
				GCC_C_LANGUAGE_STANDARD = gnu99;
				GCC_WARN_64_TO_32_BIT_CONVERSION = YES;
				GCC_WARN_ABOUT_RETURN_TYPE = YES_ERROR;
				GCC_WARN_UNDECLARED_SELECTOR = YES;
				GCC_WARN_UNINITIALIZED_AUTOS = YES_AGGRESSIVE;
				GCC_WARN_UNUSED_FUNCTION = YES;
				GCC_WARN_UNUSED_VARIABLE = YES;
				IPHONEOS_DEPLOYMENT_TARGET = 7.1;
				SDKROOT = iphoneos;
				VALIDATE_PRODUCT = YES;
			};
			name = Release;
		};
		861C326618F4B26500519544 /* Debug */ = {
			isa = XCBuildConfiguration;
			buildSettings = {
				ASSETCATALOG_COMPILER_APPICON_NAME = AppIcon;
				ASSETCATALOG_COMPILER_LAUNCHIMAGE_NAME = LaunchImage;
				GCC_PRECOMPILE_PREFIX_HEADER = YES;
				GCC_PREFIX_HEADER = "hw9_particle_sys_ios/hw9_particle_sys_ios-Prefix.pch";
				INFOPLIST_FILE = "hw9_particle_sys_ios/hw9_particle_sys_ios-Info.plist";
				PRODUCT_NAME = "$(TARGET_NAME)";
				WRAPPER_EXTENSION = app;
			};
			name = Debug;
		};
		861C326718F4B26500519544 /* Release */ = {
			isa = XCBuildConfiguration;
			buildSettings = {
				ASSETCATALOG_COMPILER_APPICON_NAME = AppIcon;
				ASSETCATALOG_COMPILER_LAUNCHIMAGE_NAME = LaunchImage;
				GCC_PRECOMPILE_PREFIX_HEADER = YES;
				GCC_PREFIX_HEADER = "hw9_particle_sys_ios/hw9_particle_sys_ios-Prefix.pch";
				INFOPLIST_FILE = "hw9_particle_sys_ios/hw9_particle_sys_ios-Info.plist";
				PRODUCT_NAME = "$(TARGET_NAME)";
				WRAPPER_EXTENSION = app;
			};
			name = Release;
		};
		861C326918F4B26500519544 /* Debug */ = {
			isa = XCBuildConfiguration;
			buildSettings = {
				BUNDLE_LOADER = "$(BUILT_PRODUCTS_DIR)/hw9_particle_sys_ios.app/hw9_particle_sys_ios";
				FRAMEWORK_SEARCH_PATHS = (
					"$(SDKROOT)/Developer/Library/Frameworks",
					"$(inherited)",
					"$(DEVELOPER_FRAMEWORKS_DIR)",
				);
				GCC_PRECOMPILE_PREFIX_HEADER = YES;
				GCC_PREFIX_HEADER = "hw9_particle_sys_ios/hw9_particle_sys_ios-Prefix.pch";
				GCC_PREPROCESSOR_DEFINITIONS = (
					"DEBUG=1",
					"$(inherited)",
				);
				INFOPLIST_FILE = "hw9_particle_sys_iosTests/hw9_particle_sys_iosTests-Info.plist";
				PRODUCT_NAME = "$(TARGET_NAME)";
				TEST_HOST = "$(BUNDLE_LOADER)";
				WRAPPER_EXTENSION = xctest;
			};
			name = Debug;
		};
		861C326A18F4B26500519544 /* Release */ = {
			isa = XCBuildConfiguration;
			buildSettings = {
				BUNDLE_LOADER = "$(BUILT_PRODUCTS_DIR)/hw9_particle_sys_ios.app/hw9_particle_sys_ios";
				FRAMEWORK_SEARCH_PATHS = (
					"$(SDKROOT)/Developer/Library/Frameworks",
					"$(inherited)",
					"$(DEVELOPER_FRAMEWORKS_DIR)",
				);
				GCC_PRECOMPILE_PREFIX_HEADER = YES;
				GCC_PREFIX_HEADER = "hw9_particle_sys_ios/hw9_particle_sys_ios-Prefix.pch";
				INFOPLIST_FILE = "hw9_particle_sys_iosTests/hw9_particle_sys_iosTests-Info.plist";
				PRODUCT_NAME = "$(TARGET_NAME)";
				TEST_HOST = "$(BUNDLE_LOADER)";
				WRAPPER_EXTENSION = xctest;
			};
			name = Release;
		};
/* End XCBuildConfiguration section */

/* Begin XCConfigurationList section */
		861C323418F4B26500519544 /* Build configuration list for PBXProject "hw9_particle_sys_ios" */ = {
			isa = XCConfigurationList;
			buildConfigurations = (
				861C326318F4B26500519544 /* Debug */,
				861C326418F4B26500519544 /* Release */,
			);
			defaultConfigurationIsVisible = 0;
			defaultConfigurationName = Release;
		};
		861C326518F4B26500519544 /* Build configuration list for PBXNativeTarget "hw9_particle_sys_ios" */ = {
			isa = XCConfigurationList;
			buildConfigurations = (
				861C326618F4B26500519544 /* Debug */,
				861C326718F4B26500519544 /* Release */,
			);
			defaultConfigurationIsVisible = 0;
			defaultConfigurationName = Release;
		};
		861C326818F4B26500519544 /* Build configuration list for PBXNativeTarget "hw9_particle_sys_iosTests" */ = {
			isa = XCConfigurationList;
			buildConfigurations = (
				861C326918F4B26500519544 /* Debug */,
				861C326A18F4B26500519544 /* Release */,
			);
			defaultConfigurationIsVisible = 0;
			defaultConfigurationName = Release;
		};
/* End XCConfigurationList section */
	};
	rootObject = 861C323118F4B26500519544 /* Project object */;
}
